
Microsoft Visual Studio Solution File, Format Version 12.00
# Visual Studio Version 16
VisualStudioVersion = 16.0.29424.173
MinimumVisualStudioVersion = 10.0.40219.1
Project("{FAE04EC0-301F-11D3-BF4B-00C04F79EFBC}") = "Scraper", "Scraper\Scraper.csproj", "{FEB0B52D-0A48-4F05-88A6-D5E7F1331CDF}"
EndProject
Global
	GlobalSection(SolutionConfigurationPlatforms) = preSolution
		Debug|Any CPU = Debug|Any CPU
		Release|Any CPU = Release|Any CPU
	EndGlobalSection
	GlobalSection(ProjectConfigurationPlatforms) = postSolution
		{FEB0B52D-0A48-4F05-88A6-D5E7F1331CDF}.Debug|Any CPU.ActiveCfg = Debug|Any CPU
		{FEB0B52D-0A48-4F05-88A6-D5E7F1331CDF}.Debug|Any CPU.Build.0 = Debug|Any CPU
		{FEB0B52D-0A48-4F05-88A6-D5E7F1331CDF}.Release|Any CPU.ActiveCfg = Release|Any CPU
		{FEB0B52D-0A48-4F05-88A6-D5E7F1331CDF}.Release|Any CPU.Build.0 = Release|Any CPU
	EndGlobalSection
	GlobalSection(SolutionProperties) = preSolution
		HideSolutionNode = FALSE
	EndGlobalSection
	GlobalSection(ExtensibilityGlobals) = postSolution
		SolutionGuid = {40F29352-9DFA-4A02-BAD4-BE2A57A2BB64}
	EndGlobalSection
EndGlobal
